
Microsoft Visual Studio Solution File, Format Version 12.00
# Visual Studio Version 16
VisualStudioVersion = 16.0.31410.357
MinimumVisualStudioVersion = 10.0.40219.1
Project("{FAE04EC0-301F-11D3-BF4B-00C04F79EFBC}") = "GetAllDirectoyFiles", "GetAllDirectoyFiles\GetAllDirectoyFiles.csproj", "{73D99990-C9CF-4316-9777-E0F6B9638594}"
EndProject
Global
	GlobalSection(SolutionConfigurationPlatforms) = preSolution
		Debug|Any CPU = Debug|Any CPU
		Release|Any CPU = Release|Any CPU
	EndGlobalSection
	GlobalSection(ProjectConfigurationPlatforms) = postSolution
		{73D99990-C9CF-4316-9777-E0F6B9638594}.Debug|Any CPU.ActiveCfg = Debug|Any CPU
		{73D99990-C9CF-4316-9777-E0F6B9638594}.Debug|Any CPU.Build.0 = Debug|Any CPU
		{73D99990-C9CF-4316-9777-E0F6B9638594}.Release|Any CPU.ActiveCfg = Release|Any CPU
		{73D99990-C9CF-4316-9777-E0F6B9638594}.Release|Any CPU.Build.0 = Release|Any CPU
	EndGlobalSection
	GlobalSection(SolutionProperties) = preSolution
		HideSolutionNode = FALSE
	EndGlobalSection
	GlobalSection(ExtensibilityGlobals) = postSolution
		SolutionGuid = {CC0B45CD-50C6-497A-99AD-69F949B1BC7A}
	EndGlobalSection
EndGlobal
